dependencies:
- name: minio
  repository: https://charts.bitnami.com/bitnami
  version: 16.0.10
- name: mongodb
  repository: https://charts.bitnami.com/bitnami
  version: 16.4.12
- name: nginx
  repository: https://charts.bitnami.com/bitnami
  version: 19.1.1
digest: sha256:ae79aa0e2c74bb2c4d83551639b08976e3ed314333667f300890b2473e133b55
generated: "2025-05-26T15:24:34.904021037Z"
