dependencies:
- name: minio
  repository: https://charts.bitnami.com/bitnami
  version: 15.0.7
- name: mongodb
  repository: https://charts.bitnami.com/bitnami
  version: 16.5.11
- name: nginx
  repository: https://charts.bitnami.com/bitnami
  version: 19.0.3
digest: sha256:173bbb2aed29f0c4688d6bbc65fe122b06133e276699e18336d56a871ccd068a
generated: "2025-05-21T22:12:24.719143947Z"
