dependencies:
- name: minio
  repository: https://charts.bitnami.com/bitnami
  version: 15.0.7
- name: mongodb
  repository: https://charts.bitnami.com/bitnami
  version: 16.5.1
- name: nginx
  repository: https://charts.bitnami.com/bitnami
  version: 19.0.3
digest: sha256:8d0b30334d7b7b48219ce6f09937c5ae4f7e6ba5482f908866ad3698b2bce467
generated: "2025-04-14T19:44:52.753846393Z"
